
Microsoft Visual Studio Solution File, Format Version 12.00
# Visual Studio 15
VisualStudioVersion = 15.0.26228.4
MinimumVisualStudioVersion = 10.0.40219.1
Project("{2150E333-8FDC-42A3-9474-1A3956D46DE8}") = "src", "src", "{3C831706-D8BB-4B3C-9A9F-7152B289BA90}"
EndProject
Project("{2150E333-8FDC-42A3-9474-1A3956D46DE8}") = "Solution Items", "Solution Items", "{86371E97-A5DA-40C2-AFA9-DE47CB3279E6}"
EndProject
Project("{9A19103F-16F7-4668-BE54-9A1E7A4F7556}") = "Selenium", "src\Selenium\Selenium.csproj", "{256FEB86-A547-48BD-86A1-9211078EDD83}"
EndProject
Project("{9A19103F-16F7-4668-BE54-9A1E7A4F7556}") = "Selenium.Bot.Api", "src\Selenium.Bot.Api\Selenium.Bot.Api.csproj", "{268E1D15-FFD5-4BFC-A524-0143047D5921}"
EndProject
Project("{FAE04EC0-301F-11D3-BF4B-00C04F79EFBC}") = "Selenium.Bot.App", "src\Selenium.Bot.App\Selenium.Bot.App.csproj", "{CA2F0E50-3153-48FE-B709-F46DED885645}"
EndProject
Project("{FAE04EC0-301F-11D3-BF4B-00C04F79EFBC}") = "Selenium.Bot.Lib", "src\Selenium.Bot.Lib\Selenium.Bot.Lib.csproj", "{750C668E-4D7E-4A01-884E-A625DF41ED3C}"
EndProject
Project("{FAE04EC0-301F-11D3-BF4B-00C04F79EFBC}") = "Selenium.Bot.VoiceService", "src\Selenium.Bot.VoiceService\Selenium.Bot.VoiceService.csproj", "{7CD882D6-2CBD-46DE-A4F1-7D72DEA97FF2}"
EndProject
Global
	GlobalSection(SolutionConfigurationPlatforms) = preSolution
		Debug|Any CPU = Debug|Any CPU
		Debug|ARM = Debug|ARM
		Debug|x64 = Debug|x64
		Debug|x86 = Debug|x86
		Release|Any CPU = Release|Any CPU
		Release|ARM = Release|ARM
		Release|x64 = Release|x64
		Release|x86 = Release|x86
	EndGlobalSection
	GlobalSection(ProjectConfigurationPlatforms) = postSolution
		{256FEB86-A547-48BD-86A1-9211078EDD83}.Debug|Any CPU.ActiveCfg = Debug|Any CPU
		{256FEB86-A547-48BD-86A1-9211078EDD83}.Debug|Any CPU.Build.0 = Debug|Any CPU
		{256FEB86-A547-48BD-86A1-9211078EDD83}.Debug|ARM.ActiveCfg = Debug|Any CPU
		{256FEB86-A547-48BD-86A1-9211078EDD83}.Debug|ARM.Build.0 = Debug|Any CPU
		{256FEB86-A547-48BD-86A1-9211078EDD83}.Debug|x64.ActiveCfg = Debug|Any CPU
		{256FEB86-A547-48BD-86A1-9211078EDD83}.Debug|x64.Build.0 = Debug|Any CPU
		{256FEB86-A547-48BD-86A1-9211078EDD83}.Debug|x86.ActiveCfg = Debug|Any CPU
		{256FEB86-A547-48BD-86A1-9211078EDD83}.Debug|x86.Build.0 = Debug|Any CPU
		{256FEB86-A547-48BD-86A1-9211078EDD83}.Release|Any CPU.ActiveCfg = Release|Any CPU
		{256FEB86-A547-48BD-86A1-9211078EDD83}.Release|Any CPU.Build.0 = Release|Any CPU
		{256FEB86-A547-48BD-86A1-9211078EDD83}.Release|ARM.ActiveCfg = Release|Any CPU
		{256FEB86-A547-48BD-86A1-9211078EDD83}.Release|ARM.Build.0 = Release|Any CPU
		{256FEB86-A547-48BD-86A1-9211078EDD83}.Release|x64.ActiveCfg = Release|Any CPU
		{256FEB86-A547-48BD-86A1-9211078EDD83}.Release|x64.Build.0 = Release|Any CPU
		{256FEB86-A547-48BD-86A1-9211078EDD83}.Release|x86.ActiveCfg = Release|Any CPU
		{256FEB86-A547-48BD-86A1-9211078EDD83}.Release|x86.Build.0 = Release|Any CPU
		{268E1D15-FFD5-4BFC-A524-0143047D5921}.Debug|Any CPU.ActiveCfg = Debug|Any CPU
		{268E1D15-FFD5-4BFC-A524-0143047D5921}.Debug|Any CPU.Build.0 = Debug|Any CPU
		{268E1D15-FFD5-4BFC-A524-0143047D5921}.Debug|ARM.ActiveCfg = Debug|Any CPU
		{268E1D15-FFD5-4BFC-A524-0143047D5921}.Debug|ARM.Build.0 = Debug|Any CPU
		{268E1D15-FFD5-4BFC-A524-0143047D5921}.Debug|x64.ActiveCfg = Debug|Any CPU
		{268E1D15-FFD5-4BFC-A524-0143047D5921}.Debug|x64.Build.0 = Debug|Any CPU
		{268E1D15-FFD5-4BFC-A524-0143047D5921}.Debug|x86.ActiveCfg = Debug|Any CPU
		{268E1D15-FFD5-4BFC-A524-0143047D5921}.Debug|x86.Build.0 = Debug|Any CPU
		{268E1D15-FFD5-4BFC-A524-0143047D5921}.Release|Any CPU.ActiveCfg = Release|Any CPU
		{268E1D15-FFD5-4BFC-A524-0143047D5921}.Release|Any CPU.Build.0 = Release|Any CPU
		{268E1D15-FFD5-4BFC-A524-0143047D5921}.Release|ARM.ActiveCfg = Release|Any CPU
		{268E1D15-FFD5-4BFC-A524-0143047D5921}.Release|ARM.Build.0 = Release|Any CPU
		{268E1D15-FFD5-4BFC-A524-0143047D5921}.Release|x64.ActiveCfg = Release|Any CPU
		{268E1D15-FFD5-4BFC-A524-0143047D5921}.Release|x64.Build.0 = Release|Any CPU
		{268E1D15-FFD5-4BFC-A524-0143047D5921}.Release|x86.ActiveCfg = Release|Any CPU
		{268E1D15-FFD5-4BFC-A524-0143047D5921}.Release|x86.Build.0 = Release|Any CPU
		{CA2F0E50-3153-48FE-B709-F46DED885645}.Debug|Any CPU.ActiveCfg = Debug|x86
		{CA2F0E50-3153-48FE-B709-F46DED885645}.Debug|ARM.ActiveCfg = Debug|ARM
		{CA2F0E50-3153-48FE-B709-F46DED885645}.Debug|ARM.Build.0 = Debug|ARM
		{CA2F0E50-3153-48FE-B709-F46DED885645}.Debug|ARM.Deploy.0 = Debug|ARM
		{CA2F0E50-3153-48FE-B709-F46DED885645}.Debug|x64.ActiveCfg = Debug|x64
		{CA2F0E50-3153-48FE-B709-F46DED885645}.Debug|x64.Build.0 = Debug|x64
		{CA2F0E50-3153-48FE-B709-F46DED885645}.Debug|x64.Deploy.0 = Debug|x64
		{CA2F0E50-3153-48FE-B709-F46DED885645}.Debug|x86.ActiveCfg = Debug|x86
		{CA2F0E50-3153-48FE-B709-F46DED885645}.Debug|x86.Build.0 = Debug|x86
		{CA2F0E50-3153-48FE-B709-F46DED885645}.Debug|x86.Deploy.0 = Debug|x86
		{CA2F0E50-3153-48FE-B709-F46DED885645}.Release|Any CPU.ActiveCfg = Release|x86
		{CA2F0E50-3153-48FE-B709-F46DED885645}.Release|ARM.ActiveCfg = Release|ARM
		{CA2F0E50-3153-48FE-B709-F46DED885645}.Release|ARM.Build.0 = Release|ARM
		{CA2F0E50-3153-48FE-B709-F46DED885645}.Release|ARM.Deploy.0 = Release|ARM
		{CA2F0E50-3153-48FE-B709-F46DED885645}.Release|x64.ActiveCfg = Release|x64
		{CA2F0E50-3153-48FE-B709-F46DED885645}.Release|x64.Build.0 = Release|x64
		{CA2F0E50-3153-48FE-B709-F46DED885645}.Release|x64.Deploy.0 = Release|x64
		{CA2F0E50-3153-48FE-B709-F46DED885645}.Release|x86.ActiveCfg = Release|x86
		{CA2F0E50-3153-48FE-B709-F46DED885645}.Release|x86.Build.0 = Release|x86
		{CA2F0E50-3153-48FE-B709-F46DED885645}.Release|x86.Deploy.0 = Release|x86
		{750C668E-4D7E-4A01-884E-A625DF41ED3C}.Debug|Any CPU.ActiveCfg = Debug|Any CPU
		{750C668E-4D7E-4A01-884E-A625DF41ED3C}.Debug|Any CPU.Build.0 = Debug|Any CPU
		{750C668E-4D7E-4A01-884E-A625DF41ED3C}.Debug|ARM.ActiveCfg = Debug|Any CPU
		{750C668E-4D7E-4A01-884E-A625DF41ED3C}.Debug|ARM.Build.0 = Debug|Any CPU
		{750C668E-4D7E-4A01-884E-A625DF41ED3C}.Debug|x64.ActiveCfg = Debug|Any CPU
		{750C668E-4D7E-4A01-884E-A625DF41ED3C}.Debug|x64.Build.0 = Debug|Any CPU
		{750C668E-4D7E-4A01-884E-A625DF41ED3C}.Debug|x86.ActiveCfg = Debug|Any CPU
		{750C668E-4D7E-4A01-884E-A625DF41ED3C}.Debug|x86.Build.0 = Debug|Any CPU
		{750C668E-4D7E-4A01-884E-A625DF41ED3C}.Release|Any CPU.ActiveCfg = Release|Any CPU
		{750C668E-4D7E-4A01-884E-A625DF41ED3C}.Release|Any CPU.Build.0 = Release|Any CPU
		{750C668E-4D7E-4A01-884E-A625DF41ED3C}.Release|ARM.ActiveCfg = Release|Any CPU
		{750C668E-4D7E-4A01-884E-A625DF41ED3C}.Release|ARM.Build.0 = Release|Any CPU
		{750C668E-4D7E-4A01-884E-A625DF41ED3C}.Release|x64.ActiveCfg = Release|Any CPU
		{750C668E-4D7E-4A01-884E-A625DF41ED3C}.Release|x64.Build.0 = Release|Any CPU
		{750C668E-4D7E-4A01-884E-A625DF41ED3C}.Release|x86.ActiveCfg = Release|Any CPU
		{750C668E-4D7E-4A01-884E-A625DF41ED3C}.Release|x86.Build.0 = Release|Any CPU
		{7CD882D6-2CBD-46DE-A4F1-7D72DEA97FF2}.Debug|Any CPU.ActiveCfg = Debug|Any CPU
		{7CD882D6-2CBD-46DE-A4F1-7D72DEA97FF2}.Debug|Any CPU.Build.0 = Debug|Any CPU
		{7CD882D6-2CBD-46DE-A4F1-7D72DEA97FF2}.Debug|ARM.ActiveCfg = Debug|ARM
		{7CD882D6-2CBD-46DE-A4F1-7D72DEA97FF2}.Debug|ARM.Build.0 = Debug|ARM
		{7CD882D6-2CBD-46DE-A4F1-7D72DEA97FF2}.Debug|x64.ActiveCfg = Debug|x64
		{7CD882D6-2CBD-46DE-A4F1-7D72DEA97FF2}.Debug|x64.Build.0 = Debug|x64
		{7CD882D6-2CBD-46DE-A4F1-7D72DEA97FF2}.Debug|x86.ActiveCfg = Debug|x86
		{7CD882D6-2CBD-46DE-A4F1-7D72DEA97FF2}.Debug|x86.Build.0 = Debug|x86
		{7CD882D6-2CBD-46DE-A4F1-7D72DEA97FF2}.Release|Any CPU.ActiveCfg = Release|Any CPU
		{7CD882D6-2CBD-46DE-A4F1-7D72DEA97FF2}.Release|Any CPU.Build.0 = Release|Any CPU
		{7CD882D6-2CBD-46DE-A4F1-7D72DEA97FF2}.Release|ARM.ActiveCfg = Release|ARM
		{7CD882D6-2CBD-46DE-A4F1-7D72DEA97FF2}.Release|ARM.Build.0 = Release|ARM
		{7CD882D6-2CBD-46DE-A4F1-7D72DEA97FF2}.Release|x64.ActiveCfg = Release|x64
		{7CD882D6-2CBD-46DE-A4F1-7D72DEA97FF2}.Release|x64.Build.0 = Release|x64
		{7CD882D6-2CBD-46DE-A4F1-7D72DEA97FF2}.Release|x86.ActiveCfg = Release|x86
		{7CD882D6-2CBD-46DE-A4F1-7D72DEA97FF2}.Release|x86.Build.0 = Release|x86
	EndGlobalSection
	GlobalSection(SolutionProperties) = preSolution
		HideSolutionNode = FALSE
	EndGlobalSection
	GlobalSection(NestedProjects) = preSolution
		{256FEB86-A547-48BD-86A1-9211078EDD83} = {3C831706-D8BB-4B3C-9A9F-7152B289BA90}
		{268E1D15-FFD5-4BFC-A524-0143047D5921} = {3C831706-D8BB-4B3C-9A9F-7152B289BA90}
		{CA2F0E50-3153-48FE-B709-F46DED885645} = {3C831706-D8BB-4B3C-9A9F-7152B289BA90}
		{750C668E-4D7E-4A01-884E-A625DF41ED3C} = {3C831706-D8BB-4B3C-9A9F-7152B289BA90}
		{7CD882D6-2CBD-46DE-A4F1-7D72DEA97FF2} = {3C831706-D8BB-4B3C-9A9F-7152B289BA90}
	EndGlobalSection
EndGlobal
